
Microsoft Visual Studio Solution File, Format Version 12.00
# Visual Studio Version 17
VisualStudioVersion = 17.8.34330.188
MinimumVisualStudioVersion = 10.0.40219.1
Project("{FAE04EC0-301F-11D3-BF4B-00C04F79EFBC}") = "ConsoleApp1", "ConsoleApp1.csproj", "{ABADFACF-5DFE-4762-92D1-393790359672}"
EndProject
Global
	GlobalSection(SolutionConfigurationPlatforms) = preSolution
		Debug|Any CPU = Debug|Any CPU
		Release|Any CPU = Release|Any CPU
	EndGlobalSection
	GlobalSection(ProjectConfigurationPlatforms) = postSolution
		{ABADFACF-5DFE-4762-92D1-393790359672}.Debug|Any CPU.ActiveCfg = Debug|Any CPU
		{ABADFACF-5DFE-4762-92D1-393790359672}.Debug|Any CPU.Build.0 = Debug|Any CPU
		{ABADFACF-5DFE-4762-92D1-393790359672}.Release|Any CPU.ActiveCfg = Release|Any CPU
		{ABADFACF-5DFE-4762-92D1-393790359672}.Release|Any CPU.Build.0 = Release|Any CPU
	EndGlobalSection
	GlobalSection(SolutionProperties) = preSolution
		HideSolutionNode = FALSE
	EndGlobalSection
	GlobalSection(ExtensibilityGlobals) = postSolution
		SolutionGuid = {DAE370DC-2E29-4562-A53D-615B99063DC7}
	EndGlobalSection
EndGlobal
